
Microsoft Visual Studio Solution File, Format Version 12.00
# Visual Studio Version 17
VisualStudioVersion = 17.5.33424.131
MinimumVisualStudioVersion = 10.0.40219.1
Project("{FAE04EC0-301F-11D3-BF4B-00C04F79EFBC}") = "v0511_b", "v0511_b\v0511_b.csproj", "{55F9AFE9-A2BC-4DC3-97BB-C5BE8B3BCBB1}"
EndProject
Global
	GlobalSection(SolutionConfigurationPlatforms) = preSolution
		Debug|Any CPU = Debug|Any CPU
		Release|Any CPU = Release|Any CPU
	EndGlobalSection
	GlobalSection(ProjectConfigurationPlatforms) = postSolution
		{55F9AFE9-A2BC-4DC3-97BB-C5BE8B3BCBB1}.Debug|Any CPU.ActiveCfg = Debug|Any CPU
		{55F9AFE9-A2BC-4DC3-97BB-C5BE8B3BCBB1}.Debug|Any CPU.Build.0 = Debug|Any CPU
		{55F9AFE9-A2BC-4DC3-97BB-C5BE8B3BCBB1}.Release|Any CPU.ActiveCfg = Release|Any CPU
		{55F9AFE9-A2BC-4DC3-97BB-C5BE8B3BCBB1}.Release|Any CPU.Build.0 = Release|Any CPU
	EndGlobalSection
	GlobalSection(SolutionProperties) = preSolution
		HideSolutionNode = FALSE
	EndGlobalSection
	GlobalSection(ExtensibilityGlobals) = postSolution
		SolutionGuid = {BBF114F1-5513-409B-B269-9DECC329027D}
	EndGlobalSection
EndGlobal
